
Microsoft Visual Studio Solution File, Format Version 12.00
# Visual Studio 15
VisualStudioVersion = 15.0.27130.2010
MinimumVisualStudioVersion = 10.0.40219.1
Project("{FAE04EC0-301F-11D3-BF4B-00C04F79EFBC}") = "Tutorial 3-1", "ChapterThreeTutorials\Tutorial 3-1.csproj", "{961BEE76-9FA8-4151-8F89-D218820C9023}"
EndProject
Project("{FAE04EC0-301F-11D3-BF4B-00C04F79EFBC}") = "Tutorial3-2", "Tut3-2\Tutorial3-2.csproj", "{ADC6F5AD-2489-40DA-BAED-F5CC5EB5BACC}"
EndProject
Project("{FAE04EC0-301F-11D3-BF4B-00C04F79EFBC}") = "Tutorial33", "Tutorial33\Tutorial33.csproj", "{A6EE3A43-1C3A-405B-A3B3-BBC0B67C32DE}"
EndProject
Project("{FAE04EC0-301F-11D3-BF4B-00C04F79EFBC}") = "Tutorial34", "Tutorial34\Tutorial34.csproj", "{F44005AF-5426-465F-9455-AE59151E00E8}"
EndProject
Project("{FAE04EC0-301F-11D3-BF4B-00C04F79EFBC}") = "Tutorial35", "Tutorial35\Tutorial35.csproj", "{D4A681F2-400B-4C8C-84F2-D6A22FFCB050}"
EndProject
Global
	GlobalSection(SolutionConfigurationPlatforms) = preSolution
		Debug|Any CPU = Debug|Any CPU
		Release|Any CPU = Release|Any CPU
	EndGlobalSection
	GlobalSection(ProjectConfigurationPlatforms) = postSolution
		{961BEE76-9FA8-4151-8F89-D218820C9023}.Debug|Any CPU.ActiveCfg = Debug|Any CPU
		{961BEE76-9FA8-4151-8F89-D218820C9023}.Debug|Any CPU.Build.0 = Debug|Any CPU
		{961BEE76-9FA8-4151-8F89-D218820C9023}.Release|Any CPU.ActiveCfg = Release|Any CPU
		{961BEE76-9FA8-4151-8F89-D218820C9023}.Release|Any CPU.Build.0 = Release|Any CPU
		{ADC6F5AD-2489-40DA-BAED-F5CC5EB5BACC}.Debug|Any CPU.ActiveCfg = Debug|Any CPU
		{ADC6F5AD-2489-40DA-BAED-F5CC5EB5BACC}.Debug|Any CPU.Build.0 = Debug|Any CPU
		{ADC6F5AD-2489-40DA-BAED-F5CC5EB5BACC}.Release|Any CPU.ActiveCfg = Release|Any CPU
		{ADC6F5AD-2489-40DA-BAED-F5CC5EB5BACC}.Release|Any CPU.Build.0 = Release|Any CPU
		{A6EE3A43-1C3A-405B-A3B3-BBC0B67C32DE}.Debug|Any CPU.ActiveCfg = Debug|Any CPU
		{A6EE3A43-1C3A-405B-A3B3-BBC0B67C32DE}.Debug|Any CPU.Build.0 = Debug|Any CPU
		{A6EE3A43-1C3A-405B-A3B3-BBC0B67C32DE}.Release|Any CPU.ActiveCfg = Release|Any CPU
		{A6EE3A43-1C3A-405B-A3B3-BBC0B67C32DE}.Release|Any CPU.Build.0 = Release|Any CPU
		{F44005AF-5426-465F-9455-AE59151E00E8}.Debug|Any CPU.ActiveCfg = Debug|Any CPU
		{F44005AF-5426-465F-9455-AE59151E00E8}.Debug|Any CPU.Build.0 = Debug|Any CPU
		{F44005AF-5426-465F-9455-AE59151E00E8}.Release|Any CPU.ActiveCfg = Release|Any CPU
		{F44005AF-5426-465F-9455-AE59151E00E8}.Release|Any CPU.Build.0 = Release|Any CPU
		{D4A681F2-400B-4C8C-84F2-D6A22FFCB050}.Debug|Any CPU.ActiveCfg = Debug|Any CPU
		{D4A681F2-400B-4C8C-84F2-D6A22FFCB050}.Debug|Any CPU.Build.0 = Debug|Any CPU
		{D4A681F2-400B-4C8C-84F2-D6A22FFCB050}.Release|Any CPU.ActiveCfg = Release|Any CPU
		{D4A681F2-400B-4C8C-84F2-D6A22FFCB050}.Release|Any CPU.Build.0 = Release|Any CPU
	EndGlobalSection
	GlobalSection(SolutionProperties) = preSolution
		HideSolutionNode = FALSE
	EndGlobalSection
	GlobalSection(ExtensibilityGlobals) = postSolution
		SolutionGuid = {D97E1D46-67F6-48CA-8274-9EA2257E87A3}
	EndGlobalSection
EndGlobal
